// !$*UTF8*$!
{
	archiveVersion = 1;
	classes = {
	};
	objectVersion = 46;
	objects = {

/* Begin PBXBuildFile section */
		2534022B1DF3BC1A00C16261 /* main.m in Sources */ = {isa = PBXBuildFile; fileRef = 2534022A1DF3BC1A00C16261 /* main.m */; };
		2534022E1DF3BC1A00C16261 /* AppDelegate.m in Sources */ = {isa = PBXBuildFile; fileRef = 2534022D1DF3BC1A00C16261 /* AppDelegate.m */; };
		253402311DF3BC1A00C16261 /* ViewController.m in Sources */ = {isa = PBXBuildFile; fileRef = 253402301DF3BC1A00C16261 /* ViewController.m */; };
		253402341DF3BC1A00C16261 /* Main.storyboard in Resources */ = {isa = PBXBuildFile; fileRef = 253402321DF3BC1A00C16261 /* Main.storyboard */; };
		253402361DF3BC1A00C16261 /* Assets.xcassets in Resources */ = {isa = PBXBuildFile; fileRef = 253402351DF3BC1A00C16261 /* Assets.xcassets */; };
		253402391DF3BC1A00C16261 /* LaunchScreen.storyboard in Resources */ = {isa = PBXBuildFile; fileRef = 253402371DF3BC1A00C16261 /* LaunchScreen.storyboard */; };
/* End PBXBuildFile section */

/* Begin PBXFileReference section */
		253402261DF3BC1A00C16261 /* RunTime.app */ = {isa = PBXFileReference; explicitFileType = wrapper.application; includeInIndex = 0; path = RunTime.app; sourceTree = BUILT_PRODUCTS_DIR; };
		2534022A1DF3BC1A00C16261 /* main.m */ = {isa = PBXFileReference; lastKnownFileType = sourcecode.c.objc; path = main.m; sourceTree = "<group>"; };
		2534022C1DF3BC1A00C16261 /* AppDelegate.h */ = {isa = PBXFileReference; lastKnownFileType = sourcecode.c.h; path = AppDelegate.h; sourceTree = "<group>"; };
		2534022D1DF3BC1A00C16261 /* AppDelegate.m */ = {isa = PBXFileReference; lastKnownFileType = sourcecode.c.objc; path = AppDelegate.m; sourceTree = "<group>"; };
		2534022F1DF3BC1A00C16261 /* ViewController.h */ = {isa = PBXFileReference; lastKnownFileType = sourcecode.c.h; path = ViewController.h; sourceTree = "<group>"; };
		253402301DF3BC1A00C16261 /* ViewController.m */ = {isa = PBXFileReference; lastKnownFileType = sourcecode.c.objc; path = ViewController.m; sourceTree = "<group>"; };
		253402331DF3BC1A00C16261 /* Base */ = {isa = PBXFileReference; lastKnownFileType = file.storyboard; name = Base; path = Base.lproj/Main.storyboard; sourceTree = "<group>"; };
		253402351DF3BC1A00C16261 /* Assets.xcassets */ = {isa = PBXFileReference; lastKnownFileType = folder.assetcatalog; path = Assets.xcassets; sourceTree = "<group>"; };
		253402381DF3BC1A00C16261 /* Base */ = {isa = PBXFileReference; lastKnownFileType = file.storyboard; name = Base; path = Base.lproj/LaunchScreen.storyboard; sourceTree = "<group>"; };
		2534023A1DF3BC1A00C16261 /* Info.plist */ = {isa = PBXFileReference; lastKnownFileType = text.plist.xml; path = Info.plist; sourceTree = "<group>"; };
/* End PBXFileReference section */

/* Begin PBXFrameworksBuildPhase section */
		253402231DF3BC1A00C16261 /* Frameworks */ = {
			isa = PBXFrameworksBuildPhase;
			buildActionMask = 2147483647;
			files = (
			);
			runOnlyForDeploymentPostprocessing = 0;
		};
/* End PBXFrameworksBuildPhase section */

/* Begin PBXGroup section */
		2534021D1DF3BC1A00C16261 = {
			isa = PBXGroup;
			children = (
				253402281DF3BC1A00C16261 /* RunTime */,
				253402271DF3BC1A00C16261 /* Products */,
			);
			sourceTree = "<group>";
		};
		253402271DF3BC1A00C16261 /* Products */ = {
			isa = PBXGroup;
			children = (
				253402261DF3BC1A00C16261 /* RunTime.app */,
			);
			name = Products;
			sourceTree = "<group>";
		};
		253402281DF3BC1A00C16261 /* RunTime */ = {
			isa = PBXGroup;
			children = (
				2534022C1DF3BC1A00C16261 /* AppDelegate.h */,
				2534022D1DF3BC1A00C16261 /* AppDelegate.m */,
				2534022F1DF3BC1A00C16261 /* ViewController.h */,
				253402301DF3BC1A00C16261 /* ViewController.m */,
				253402321DF3BC1A00C16261 /* Main.storyboard */,
				253402351DF3BC1A00C16261 /* Assets.xcassets */,
				253402371DF3BC1A00C16261 /* LaunchScreen.storyboard */,
				2534023A1DF3BC1A00C16261 /* Info.plist */,
				253402291DF3BC1A00C16261 /* Supporting Files */,
			);
			path = RunTime;
			sourceTree = "<group>";
		};
		253402291DF3BC1A00C16261 /* Supporting Files */ = {
			isa = PBXGroup;
			children = (
				2534022A1DF3BC1A00C16261 /* main.m */,
			);
			name = "Supporting Files";
			sourceTree = "<group>";
		};
/* End PBXGroup section */

/* Begin PBXNativeTarget section */
		253402251DF3BC1A00C16261 /* RunTime */ = {
			isa = PBXNativeTarget;
			buildConfigurationList = 2534023D1DF3BC1A00C16261 /* Build configuration list for PBXNativeTarget "RunTime" */;
			buildPhases = (
				253402221DF3BC1A00C16261 /* Sources */,
				253402231DF3BC1A00C16261 /* Frameworks */,
				253402241DF3BC1A00C16261 /* Resources */,
			);
			buildRules = (
			);
			dependencies = (
			);
			name = RunTime;
			productName = RunTime;
			productReference = 253402261DF3BC1A00C16261 /* RunTime.app */;
			productType = "com.apple.product-type.application";
		};
/* End PBXNativeTarget section */

/* Begin PBXProject section */
		2534021E1DF3BC1A00C16261 /* Project object */ = {
			isa = PBXProject;
			attributes = {
				LastUpgradeCheck = 0800;
				ORGANIZATIONNAME = YK;
				TargetAttributes = {
					253402251DF3BC1A00C16261 = {
						CreatedOnToolsVersion = 8.0;
						DevelopmentTeam = 4S68FLC2TS;
						ProvisioningStyle = Automatic;
					};
				};
			};
			buildConfigurationList = 253402211DF3BC1A00C16261 /* Build configuration list for PBXProject "RunTime" */;
			compatibilityVersion = "Xcode 3.2";
			developmentRegion = English;
			hasScannedForEncodings = 0;
			knownRegions = (
				en,
				Base,
			);
			mainGroup = 2534021D1DF3BC1A00C16261;
			productRefGroup = 253402271DF3BC1A00C16261 /* Products */;
			projectDirPath = "";
			projectRoot = "";
			targets = (
				253402251DF3BC1A00C16261 /* RunTime */,
			);
		};
/* End PBXProject section */

/* Begin PBXResourcesBuildPhase section */
		253402241DF3BC1A00C16261 /* Resources */ = {
			isa = PBXResourcesBuildPhase;
			buildActionMask = 2147483647;
			files = (
				253402391DF3BC1A00C16261 /* LaunchScreen.storyboard in Resources */,
				253402361DF3BC1A00C16261 /* Assets.xcassets in Resources */,
				253402341DF3BC1A00C16261 /* Main.storyboard in Resources */,
			);
			runOnlyForDeploymentPostprocessing = 0;
		};
/* End PBXResourcesBuildPhase section */

/* Begin PBXSourcesBuildPhase section */
		253402221DF3BC1A00C16261 /* Sources */ = {
			isa = PBXSourcesBuildPhase;
			buildActionMask = 2147483647;
			files = (
				253402311DF3BC1A00C16261 /* ViewController.m in Sources */,
				2534022E1DF3BC1A00C16261 /* AppDelegate.m in Sources */,
				2534022B1DF3BC1A00C16261 /* main.m in Sources */,
			);
			runOnlyForDeploymentPostprocessing = 0;
		};
/* End PBXSourcesBuildPhase section */

/* Begin PBXVariantGroup section */
		253402321DF3BC1A00C16261 /* Main.storyboard */ = {
			isa = PBXVariantGroup;
			children = (
				253402331DF3BC1A00C16261 /* Base */,
			);
			name = Main.storyboard;
			sourceTree = "<group>";
		};
		253402371DF3BC1A00C16261 /* LaunchScreen.storyboard */ = {
			isa = PBXVariantGroup;
			children = (
				253402381DF3BC1A00C16261 /* Base */,
			);
			name = LaunchScreen.storyboard;
			sourceTree = "<group>";
		};
/* End PBXVariantGroup section */

/* Begin XCBuildConfiguration section */
		2534023B1DF3BC1A00C16261 /* Debug */ = {
			isa = XCBuildConfiguration;
			buildSettings = {
				ALWAYS_SEARCH_USER_PATHS = NO;
				CLANG_ANALYZER_NONNULL = YES;
				CLANG_CXX_LANGUAGE_STANDARD = "gnu++0x";
				CLANG_CXX_LIBRARY = "libc++";
				CLANG_ENABLE_MODULES = YES;
				CLANG_ENABLE_OBJC_ARC = YES;
				CLANG_WARN_BOOL_CONVERSION = YES;
				CLANG_WARN_CONSTANT_CONVERSION = YES;
				CLANG_WARN_DIRECT_OBJC_ISA_USAGE = YES_ERROR;
				CLANG_WARN_DOCUMENTATION_COMMENTS = YES;
				CLANG_WARN_EMPTY_BODY = YES;
				CLANG_WARN_ENUM_CONVERSION = YES;
				CLANG_WARN_INFINITE_RECURSION = YES;
				CLANG_WARN_INT_CONVERSION = YES;
				CLANG_WARN_OBJC_ROOT_CLASS = YES_ERROR;
				CLANG_WARN_SUSPICIOUS_MOVES = YES;
				CLANG_WARN_UNREACHABLE_CODE = YES;
				CLANG_WARN__DUPLICATE_METHOD_MATCH = YES;
				"CODE_SIGN_IDENTITY[sdk=iphoneos*]" = "iPhone Developer";
				COPY_PHASE_STRIP = NO;
				DEBUG_INFORMATION_FORMAT = dwarf;
				ENABLE_STRICT_OBJC_MSGSEND = YES;
				ENABLE_TESTABILITY = YES;
				GCC_C_LANGUAGE_STANDARD = gnu99;
				GCC_DYNAMIC_NO_PIC = NO;
				GCC_NO_COMMON_BLOCKS = YES;
				GCC_OPTIMIZATION_LEVEL = 0;
				GCC_PREPROCESSOR_DEFINITIONS = (
					"DEBUG=1",
					"$(inherited)",
				);
				GCC_WARN_64_TO_32_BIT_CONVERSION = YES;
				GCC_WARN_ABOUT_RETURN_TYPE = YES_ERROR;
				GCC_WARN_UNDECLARED_SELECTOR = YES;
				GCC_WARN_UNINITIALIZED_AUTOS = YES_AGGRESSIVE;
				GCC_WARN_UNUSED_FUNCTION = YES;
				GCC_WARN_UNUSED_VARIABLE = YES;
				IPHONEOS_DEPLOYMENT_TARGET = 10.0;
				MTL_ENABLE_DEBUG_INFO = YES;
				ONLY_ACTIVE_ARCH = YES;
				SDKROOT = iphoneos;
			};
			name = Debug;
		};
		2534023C1DF3BC1A00C16261 /* Release */ = {
			isa = XCBuildConfiguration;
			buildSettings = {
				ALWAYS_SEARCH_USER_PATHS = NO;
				CLANG_ANALYZER_NONNULL = YES;
				CLANG_CXX_LANGUAGE_STANDARD = "gnu++0x";
				CLANG_CXX_LIBRARY = "libc++";
				CLANG_ENABLE_MODULES = YES;
				CLANG_ENABLE_OBJC_ARC = YES;
				CLANG_WARN_BOOL_CONVERSION = YES;
				CLANG_WARN_CONSTANT_CONVERSION = YES;
				CLANG_WARN_DIRECT_OBJC_ISA_USAGE = YES_ERROR;
				CLANG_WARN_DOCUMENTATION_COMMENTS = YES;
				CLANG_WARN_EMPTY_BODY = YES;
				CLANG_WARN_ENUM_CONVERSION = YES;
				CLANG_WARN_INFINITE_RECURSION = YES;
				CLANG_WARN_INT_CONVERSION = YES;
				CLANG_WARN_OBJC_ROOT_CLASS = YES_ERROR;
				CLANG_WARN_SUSPICIOUS_MOVES = YES;
				CLANG_WARN_UNREACHABLE_CODE = YES;
				CLANG_WARN__DUPLICATE_METHOD_MATCH = YES;
				"CODE_SIGN_IDENTITY[sdk=iphoneos*]" = "iPhone Developer";
				COPY_PHASE_STRIP = NO;
				DEBUG_INFORMATION_FORMAT = "dwarf-with-dsym";
				ENABLE_NS_ASSERTIONS = NO;
				ENABLE_STRICT_OBJC_MSGSEND = YES;
				GCC_C_LANGUAGE_STANDARD = gnu99;
				GCC_NO_COMMON_BLOCKS = YES;
				GCC_WARN_64_TO_32_BIT_CONVERSION = YES;
				GCC_WARN_ABOUT_RETURN_TYPE = YES_ERROR;
				GCC_WARN_UNDECLARED_SELECTOR = YES;
				GCC_WARN_UNINITIALIZED_AUTOS = YES_AGGRESSIVE;
				GCC_WARN_UNUSED_FUNCTION = YES;
				GCC_WARN_UNUSED_VARIABLE = YES;
				IPHONEOS_DEPLOYMENT_TARGET = 10.0;
				MTL_ENABLE_DEBUG_INFO = NO;
				SDKROOT = iphoneos;
				VALIDATE_PRODUCT = YES;
			};
			name = Release;
		};
		2534023E1DF3BC1A00C16261 /* Debug */ = {
			isa = XCBuildConfiguration;
			buildSettings = {
				ASSETCATALOG_COMPILER_APPICON_NAME = AppIcon;
				DEVELOPMENT_TEAM = 4S68FLC2TS;
				INFOPLIST_FILE = RunTime/Info.plist;
				LD_RUNPATH_SEARCH_PATHS = "$(inherited) @executable_path/Frameworks";
				PRODUCT_BUNDLE_IDENTIFIER = zhanghaitao.RunTime;
				PRODUCT_NAME = "$(TARGET_NAME)";
			};
			name = Debug;
		};
		2534023F1DF3BC1A00C16261 /* Release */ = {
			isa = XCBuildConfiguration;
			buildSettings = {
				ASSETCATALOG_COMPILER_APPICON_NAME = AppIcon;
				DEVELOPMENT_TEAM = 4S68FLC2TS;
				INFOPLIST_FILE = RunTime/Info.plist;
				LD_RUNPATH_SEARCH_PATHS = "$(inherited) @executable_path/Frameworks";
				PRODUCT_BUNDLE_IDENTIFIER = zhanghaitao.RunTime;
				PRODUCT_NAME = "$(TARGET_NAME)";
			};
			name = Release;
		};
/* End XCBuildConfiguration section */

/* Begin XCConfigurationList section */
		253402211DF3BC1A00C16261 /* Build configuration list for PBXProject "RunTime" */ = {
			isa = XCConfigurationList;
			buildConfigurations = (
				2534023B1DF3BC1A00C16261 /* Debug */,
				2534023C1DF3BC1A00C16261 /* Release */,
			);
			defaultConfigurationIsVisible = 0;
			defaultConfigurationName = Release;
		};
		2534023D1DF3BC1A00C16261 /* Build configuration list for PBXNativeTarget "RunTime" */ = {
			isa = XCConfigurationList;
			buildConfigurations = (
				2534023E1DF3BC1A00C16261 /* Debug */,
				2534023F1DF3BC1A00C16261 /* Release */,
			);
			defaultConfigurationIsVisible = 0;
		};
/* End XCConfigurationList section */
	};
	rootObject = 2534021E1DF3BC1A00C16261 /* Project object */;
}
